// !$*UTF8*$!
{
	archiveVersion = 1;
	classes = {
	};
	objectVersion = 50;
	objects = {

/* Begin PBXBuildFile section */
		D2C235E225C727B80040D557 /* AppDelegate.swift in Sources */ = {isa = PBXBuildFile; fileRef = D2C235E125C727B80040D557 /* AppDelegate.swift */; };
		D2C235E425C727B80040D557 /* SceneDelegate.swift in Sources */ = {isa = PBXBuildFile; fileRef = D2C235E325C727B80040D557 /* SceneDelegate.swift */; };
		D2C235E625C727B80040D557 /* ViewController.swift in Sources */ = {isa = PBXBuildFile; fileRef = D2C235E525C727B80040D557 /* ViewController.swift */; };
		D2C235E925C727B90040D557 /* Main.storyboard in Resources */ = {isa = PBXBuildFile; fileRef = D2C235E725C727B90040D557 /* Main.storyboard */; };
		D2C235EC25C727B90040D557 /* NewsApp.xcdatamodeld in Sources */ = {isa = PBXBuildFile; fileRef = D2C235EA25C727B90040D557 /* NewsApp.xcdatamodeld */; };
		D2C235EE25C727BE0040D557 /* Assets.xcassets in Resources */ = {isa = PBXBuildFile; fileRef = D2C235ED25C727BE0040D557 /* Assets.xcassets */; };
		D2C235F125C727BE0040D557 /* LaunchScreen.storyboard in Resources */ = {isa = PBXBuildFile; fileRef = D2C235EF25C727BE0040D557 /* LaunchScreen.storyboard */; };
		D2C235FC25C727BF0040D557 /* NewsAppTests.swift in Sources */ = {isa = PBXBuildFile; fileRef = D2C235FB25C727BF0040D557 /* NewsAppTests.swift */; };
		D2C2360725C727C00040D557 /* NewsAppUITests.swift in Sources */ = {isa = PBXBuildFile; fileRef = D2C2360625C727C00040D557 /* NewsAppUITests.swift */; };
/* End PBXBuildFile section */

/* Begin PBXContainerItemProxy section */
		D2C235F825C727BF0040D557 /* PBXContainerItemProxy */ = {
			isa = PBXContainerItemProxy;
			containerPortal = D2C235D625C727B70040D557 /* Project object */;
			proxyType = 1;
			remoteGlobalIDString = D2C235DD25C727B70040D557;
			remoteInfo = NewsApp;
		};
		D2C2360325C727BF0040D557 /* PBXContainerItemProxy */ = {
			isa = PBXContainerItemProxy;
			containerPortal = D2C235D625C727B70040D557 /* Project object */;
			proxyType = 1;
			remoteGlobalIDString = D2C235DD25C727B70040D557;
			remoteInfo = NewsApp;
		};
/* End PBXContainerItemProxy section */

/* Begin PBXFileReference section */
		D2C235DE25C727B70040D557 /* NewsApp.app */ = {isa = PBXFileReference; explicitFileType = wrapper.application; includeInIndex = 0; path = NewsApp.app; sourceTree = BUILT_PRODUCTS_DIR; };
		D2C235E125C727B80040D557 /* AppDelegate.swift */ = {isa = PBXFileReference; lastKnownFileType = sourcecode.swift; path = AppDelegate.swift; sourceTree = "<group>"; };
		D2C235E325C727B80040D557 /* SceneDelegate.swift */ = {isa = PBXFileReference; lastKnownFileType = sourcecode.swift; path = SceneDelegate.swift; sourceTree = "<group>"; };
		D2C235E525C727B80040D557 /* ViewController.swift */ = {isa = PBXFileReference; lastKnownFileType = sourcecode.swift; path = ViewController.swift; sourceTree = "<group>"; };
		D2C235E825C727B90040D557 /* Base */ = {isa = PBXFileReference; lastKnownFileType = file.storyboard; name = Base; path = Base.lproj/Main.storyboard; sourceTree = "<group>"; };
		D2C235EB25C727B90040D557 /* NewsApp.xcdatamodel */ = {isa = PBXFileReference; lastKnownFileType = wrapper.xcdatamodel; path = NewsApp.xcdatamodel; sourceTree = "<group>"; };
		D2C235ED25C727BE0040D557 /* Assets.xcassets */ = {isa = PBXFileReference; lastKnownFileType = folder.assetcatalog; path = Assets.xcassets; sourceTree = "<group>"; };
		D2C235F025C727BE0040D557 /* Base */ = {isa = PBXFileReference; lastKnownFileType = file.storyboard; name = Base; path = Base.lproj/LaunchScreen.storyboard; sourceTree = "<group>"; };
		D2C235F225C727BE0040D557 /* Info.plist */ = {isa = PBXFileReference; lastKnownFileType = text.plist.xml; path = Info.plist; sourceTree = "<group>"; };
		D2C235F725C727BF0040D557 /* NewsAppTests.xctest */ = {isa = PBXFileReference; explicitFileType = wrapper.cfbundle; includeInIndex = 0; path = NewsAppTests.xctest; sourceTree = BUILT_PRODUCTS_DIR; };
		D2C235FB25C727BF0040D557 /* NewsAppTests.swift */ = {isa = PBXFileReference; lastKnownFileType = sourcecode.swift; path = NewsAppTests.swift; sourceTree = "<group>"; };
		D2C235FD25C727BF0040D557 /* Info.plist */ = {isa = PBXFileReference; lastKnownFileType = text.plist.xml; path = Info.plist; sourceTree = "<group>"; };
		D2C2360225C727BF0040D557 /* NewsAppUITests.xctest */ = {isa = PBXFileReference; explicitFileType = wrapper.cfbundle; includeInIndex = 0; path = NewsAppUITests.xctest; sourceTree = BUILT_PRODUCTS_DIR; };
		D2C2360625C727C00040D557 /* NewsAppUITests.swift */ = {isa = PBXFileReference; lastKnownFileType = sourcecode.swift; path = NewsAppUITests.swift; sourceTree = "<group>"; };
		D2C2360825C727C00040D557 /* Info.plist */ = {isa = PBXFileReference; lastKnownFileType = text.plist.xml; path = Info.plist; sourceTree = "<group>"; };
/* End PBXFileReference section */

/* Begin PBXFrameworksBuildPhase section */
		D2C235DB25C727B70040D557 /* Frameworks */ = {
			isa = PBXFrameworksBuildPhase;
			buildActionMask = 2147483647;
			files = (
			);
			runOnlyForDeploymentPostprocessing = 0;
		};
		D2C235F425C727BF0040D557 /* Frameworks */ = {
			isa = PBXFrameworksBuildPhase;
			buildActionMask = 2147483647;
			files = (
			);
			runOnlyForDeploymentPostprocessing = 0;
		};
		D2C235FF25C727BF0040D557 /* Frameworks */ = {
			isa = PBXFrameworksBuildPhase;
			buildActionMask = 2147483647;
			files = (
			);
			runOnlyForDeploymentPostprocessing = 0;
		};
/* End PBXFrameworksBuildPhase section */

/* Begin PBXGroup section */
		D2C235D525C727B70040D557 = {
			isa = PBXGroup;
			children = (
				D2C235E025C727B70040D557 /* NewsApp */,
				D2C235FA25C727BF0040D557 /* NewsAppTests */,
				D2C2360525C727C00040D557 /* NewsAppUITests */,
				D2C235DF25C727B70040D557 /* Products */,
			);
			sourceTree = "<group>";
		};
		D2C235DF25C727B70040D557 /* Products */ = {
			isa = PBXGroup;
			children = (
				D2C235DE25C727B70040D557 /* NewsApp.app */,
				D2C235F725C727BF0040D557 /* NewsAppTests.xctest */,
				D2C2360225C727BF0040D557 /* NewsAppUITests.xctest */,
			);
			name = Products;
			sourceTree = "<group>";
		};
		D2C235E025C727B70040D557 /* NewsApp */ = {
			isa = PBXGroup;
			children = (
				D2C235E125C727B80040D557 /* AppDelegate.swift */,
				D2C235E325C727B80040D557 /* SceneDelegate.swift */,
				D2C235E525C727B80040D557 /* ViewController.swift */,
				D2C235E725C727B90040D557 /* Main.storyboard */,
				D2C235ED25C727BE0040D557 /* Assets.xcassets */,
				D2C235EF25C727BE0040D557 /* LaunchScreen.storyboard */,
				D2C235F225C727BE0040D557 /* Info.plist */,
				D2C235EA25C727B90040D557 /* NewsApp.xcdatamodeld */,
			);
			path = NewsApp;
			sourceTree = "<group>";
		};
		D2C235FA25C727BF0040D557 /* NewsAppTests */ = {
			isa = PBXGroup;
			children = (
				D2C235FB25C727BF0040D557 /* NewsAppTests.swift */,
				D2C235FD25C727BF0040D557 /* Info.plist */,
			);
			path = NewsAppTests;
			sourceTree = "<group>";
		};
		D2C2360525C727C00040D557 /* NewsAppUITests */ = {
			isa = PBXGroup;
			children = (
				D2C2360625C727C00040D557 /* NewsAppUITests.swift */,
				D2C2360825C727C00040D557 /* Info.plist */,
			);
			path = NewsAppUITests;
			sourceTree = "<group>";
		};
/* End PBXGroup section */

/* Begin PBXNativeTarget section */
		D2C235DD25C727B70040D557 /* NewsApp */ = {
			isa = PBXNativeTarget;
			buildConfigurationList = D2C2360B25C727C00040D557 /* Build configuration list for PBXNativeTarget "NewsApp" */;
			buildPhases = (
				D2C235DA25C727B70040D557 /* Sources */,
				D2C235DB25C727B70040D557 /* Frameworks */,
				D2C235DC25C727B70040D557 /* Resources */,
			);
			buildRules = (
			);
			dependencies = (
			);
			name = NewsApp;
			productName = NewsApp;
			productReference = D2C235DE25C727B70040D557 /* NewsApp.app */;
			productType = "com.apple.product-type.application";
		};
		D2C235F625C727BF0040D557 /* NewsAppTests */ = {
			isa = PBXNativeTarget;
			buildConfigurationList = D2C2360E25C727C00040D557 /* Build configuration list for PBXNativeTarget "NewsAppTests" */;
			buildPhases = (
				D2C235F325C727BF0040D557 /* Sources */,
				D2C235F425C727BF0040D557 /* Frameworks */,
				D2C235F525C727BF0040D557 /* Resources */,
			);
			buildRules = (
			);
			dependencies = (
				D2C235F925C727BF0040D557 /* PBXTargetDependency */,
			);
			name = NewsAppTests;
			productName = NewsAppTests;
			productReference = D2C235F725C727BF0040D557 /* NewsAppTests.xctest */;
			productType = "com.apple.product-type.bundle.unit-test";
		};
		D2C2360125C727BF0040D557 /* NewsAppUITests */ = {
			isa = PBXNativeTarget;
			buildConfigurationList = D2C2361125C727C00040D557 /* Build configuration list for PBXNativeTarget "NewsAppUITests" */;
			buildPhases = (
				D2C235FE25C727BF0040D557 /* Sources */,
				D2C235FF25C727BF0040D557 /* Frameworks */,
				D2C2360025C727BF0040D557 /* Resources */,
			);
			buildRules = (
			);
			dependencies = (
				D2C2360425C727BF0040D557 /* PBXTargetDependency */,
			);
			name = NewsAppUITests;
			productName = NewsAppUITests;
			productReference = D2C2360225C727BF0040D557 /* NewsAppUITests.xctest */;
			productType = "com.apple.product-type.bundle.ui-testing";
		};
/* End PBXNativeTarget section */

/* Begin PBXProject section */
		D2C235D625C727B70040D557 /* Project object */ = {
			isa = PBXProject;
			attributes = {
				LastSwiftUpdateCheck = 1230;
				LastUpgradeCheck = 1230;
				TargetAttributes = {
					D2C235DD25C727B70040D557 = {
						CreatedOnToolsVersion = 12.3;
					};
					D2C235F625C727BF0040D557 = {
						CreatedOnToolsVersion = 12.3;
						TestTargetID = D2C235DD25C727B70040D557;
					};
					D2C2360125C727BF0040D557 = {
						CreatedOnToolsVersion = 12.3;
						TestTargetID = D2C235DD25C727B70040D557;
					};
				};
			};
			buildConfigurationList = D2C235D925C727B70040D557 /* Build configuration list for PBXProject "NewsApp" */;
			compatibilityVersion = "Xcode 9.3";
			developmentRegion = en;
			hasScannedForEncodings = 0;
			knownRegions = (
				en,
				Base,
			);
			mainGroup = D2C235D525C727B70040D557;
			productRefGroup = D2C235DF25C727B70040D557 /* Products */;
			projectDirPath = "";
			projectRoot = "";
			targets = (
				D2C235DD25C727B70040D557 /* NewsApp */,
				D2C235F625C727BF0040D557 /* NewsAppTests */,
				D2C2360125C727BF0040D557 /* NewsAppUITests */,
			);
		};
/* End PBXProject section */

/* Begin PBXResourcesBuildPhase section */
		D2C235DC25C727B70040D557 /* Resources */ = {
			isa = PBXResourcesBuildPhase;
			buildActionMask = 2147483647;
			files = (
				D2C235F125C727BE0040D557 /* LaunchScreen.storyboard in Resources */,
				D2C235EE25C727BE0040D557 /* Assets.xcassets in Resources */,
				D2C235E925C727B90040D557 /* Main.storyboard in Resources */,
			);
			runOnlyForDeploymentPostprocessing = 0;
		};
		D2C235F525C727BF0040D557 /* Resources */ = {
			isa = PBXResourcesBuildPhase;
			buildActionMask = 2147483647;
			files = (
			);
			runOnlyForDeploymentPostprocessing = 0;
		};
		D2C2360025C727BF0040D557 /* Resources */ = {
			isa = PBXResourcesBuildPhase;
			buildActionMask = 2147483647;
			files = (
			);
			runOnlyForDeploymentPostprocessing = 0;
		};
/* End PBXResourcesBuildPhase section */

/* Begin PBXSourcesBuildPhase section */
		D2C235DA25C727B70040D557 /* Sources */ = {
			isa = PBXSourcesBuildPhase;
			buildActionMask = 2147483647;
			files = (
				D2C235E625C727B80040D557 /* ViewController.swift in Sources */,
				D2C235E225C727B80040D557 /* AppDelegate.swift in Sources */,
				D2C235EC25C727B90040D557 /* NewsApp.xcdatamodeld in Sources */,
				D2C235E425C727B80040D557 /* SceneDelegate.swift in Sources */,
			);
			runOnlyForDeploymentPostprocessing = 0;
		};
		D2C235F325C727BF0040D557 /* Sources */ = {
			isa = PBXSourcesBuildPhase;
			buildActionMask = 2147483647;
			files = (
				D2C235FC25C727BF0040D557 /* NewsAppTests.swift in Sources */,
			);
			runOnlyForDeploymentPostprocessing = 0;
		};
		D2C235FE25C727BF0040D557 /* Sources */ = {
			isa = PBXSourcesBuildPhase;
			buildActionMask = 2147483647;
			files = (
				D2C2360725C727C00040D557 /* NewsAppUITests.swift in Sources */,
			);
			runOnlyForDeploymentPostprocessing = 0;
		};
/* End PBXSourcesBuildPhase section */

/* Begin PBXTargetDependency section */
		D2C235F925C727BF0040D557 /* PBXTargetDependency */ = {
			isa = PBXTargetDependency;
			target = D2C235DD25C727B70040D557 /* NewsApp */;
			targetProxy = D2C235F825C727BF0040D557 /* PBXContainerItemProxy */;
		};
		D2C2360425C727BF0040D557 /* PBXTargetDependency */ = {
			isa = PBXTargetDependency;
			target = D2C235DD25C727B70040D557 /* NewsApp */;
			targetProxy = D2C2360325C727BF0040D557 /* PBXContainerItemProxy */;
		};
/* End PBXTargetDependency section */

/* Begin PBXVariantGroup section */
		D2C235E725C727B90040D557 /* Main.storyboard */ = {
			isa = PBXVariantGroup;
			children = (
				D2C235E825C727B90040D557 /* Base */,
			);
			name = Main.storyboard;
			sourceTree = "<group>";
		};
		D2C235EF25C727BE0040D557 /* LaunchScreen.storyboard */ = {
			isa = PBXVariantGroup;
			children = (
				D2C235F025C727BE0040D557 /* Base */,
			);
			name = LaunchScreen.storyboard;
			sourceTree = "<group>";
		};
/* End PBXVariantGroup section */

/* Begin XCBuildConfiguration section */
		D2C2360925C727C00040D557 /* Debug */ = {
			isa = XCBuildConfiguration;
			buildSettings = {
				ALWAYS_SEARCH_USER_PATHS = NO;
				CLANG_ANALYZER_NONNULL = YES;
				CLANG_ANALYZER_NUMBER_OBJECT_CONVERSION = YES_AGGRESSIVE;
				CLANG_CXX_LANGUAGE_STANDARD = "gnu++14";
				CLANG_CXX_LIBRARY = "libc++";
				CLANG_ENABLE_MODULES = YES;
				CLANG_ENABLE_OBJC_ARC = YES;
				CLANG_ENABLE_OBJC_WEAK = YES;
				CLANG_WARN_BLOCK_CAPTURE_AUTORELEASING = YES;
				CLANG_WARN_BOOL_CONVERSION = YES;
				CLANG_WARN_COMMA = YES;
				CLANG_WARN_CONSTANT_CONVERSION = YES;
				CLANG_WARN_DEPRECATED_OBJC_IMPLEMENTATIONS = YES;
				CLANG_WARN_DIRECT_OBJC_ISA_USAGE = YES_ERROR;
				CLANG_WARN_DOCUMENTATION_COMMENTS = YES;
				CLANG_WARN_EMPTY_BODY = YES;
				CLANG_WARN_ENUM_CONVERSION = YES;
				CLANG_WARN_INFINITE_RECURSION = YES;
				CLANG_WARN_INT_CONVERSION = YES;
				CLANG_WARN_NON_LITERAL_NULL_CONVERSION = YES;
				CLANG_WARN_OBJC_IMPLICIT_RETAIN_SELF = YES;
				CLANG_WARN_OBJC_LITERAL_CONVERSION = YES;
				CLANG_WARN_OBJC_ROOT_CLASS = YES_ERROR;
				CLANG_WARN_QUOTED_INCLUDE_IN_FRAMEWORK_HEADER = YES;
				CLANG_WARN_RANGE_LOOP_ANALYSIS = YES;
				CLANG_WARN_STRICT_PROTOTYPES = YES;
				CLANG_WARN_SUSPICIOUS_MOVE = YES;
				CLANG_WARN_UNGUARDED_AVAILABILITY = YES_AGGRESSIVE;
				CLANG_WARN_UNREACHABLE_CODE = YES;
				CLANG_WARN__DUPLICATE_METHOD_MATCH = YES;
				COPY_PHASE_STRIP = NO;
				DEBUG_INFORMATION_FORMAT = dwarf;
				ENABLE_STRICT_OBJC_MSGSEND = YES;
				ENABLE_TESTABILITY = YES;
				GCC_C_LANGUAGE_STANDARD = gnu11;
				GCC_DYNAMIC_NO_PIC = NO;
				GCC_NO_COMMON_BLOCKS = YES;
				GCC_OPTIMIZATION_LEVEL = 0;
				GCC_PREPROCESSOR_DEFINITIONS = (
					"DEBUG=1",
					"$(inherited)",
				);
				GCC_WARN_64_TO_32_BIT_CONVERSION = YES;
				GCC_WARN_ABOUT_RETURN_TYPE = YES_ERROR;
				GCC_WARN_UNDECLARED_SELECTOR = YES;
				GCC_WARN_UNINITIALIZED_AUTOS = YES_AGGRESSIVE;
				GCC_WARN_UNUSED_FUNCTION = YES;
				GCC_WARN_UNUSED_VARIABLE = YES;
				IPHONEOS_DEPLOYMENT_TARGET = 14.3;
				MTL_ENABLE_DEBUG_INFO = INCLUDE_SOURCE;
				MTL_FAST_MATH = YES;
				ONLY_ACTIVE_ARCH = YES;
				SDKROOT = iphoneos;
				SWIFT_ACTIVE_COMPILATION_CONDITIONS = DEBUG;
				SWIFT_OPTIMIZATION_LEVEL = "-Onone";
			};
			name = Debug;
		};
		D2C2360A25C727C00040D557 /* Release */ = {
			isa = XCBuildConfiguration;
			buildSettings = {
				ALWAYS_SEARCH_USER_PATHS = NO;
				CLANG_ANALYZER_NONNULL = YES;
				CLANG_ANALYZER_NUMBER_OBJECT_CONVERSION = YES_AGGRESSIVE;
				CLANG_CXX_LANGUAGE_STANDARD = "gnu++14";
				CLANG_CXX_LIBRARY = "libc++";
				CLANG_ENABLE_MODULES = YES;
				CLANG_ENABLE_OBJC_ARC = YES;
				CLANG_ENABLE_OBJC_WEAK = YES;
				CLANG_WARN_BLOCK_CAPTURE_AUTORELEASING = YES;
				CLANG_WARN_BOOL_CONVERSION = YES;
				CLANG_WARN_COMMA = YES;
				CLANG_WARN_CONSTANT_CONVERSION = YES;
				CLANG_WARN_DEPRECATED_OBJC_IMPLEMENTATIONS = YES;
				CLANG_WARN_DIRECT_OBJC_ISA_USAGE = YES_ERROR;
				CLANG_WARN_DOCUMENTATION_COMMENTS = YES;
				CLANG_WARN_EMPTY_BODY = YES;
				CLANG_WARN_ENUM_CONVERSION = YES;
				CLANG_WARN_INFINITE_RECURSION = YES;
				CLANG_WARN_INT_CONVERSION = YES;
				CLANG_WARN_NON_LITERAL_NULL_CONVERSION = YES;
				CLANG_WARN_OBJC_IMPLICIT_RETAIN_SELF = YES;
				CLANG_WARN_OBJC_LITERAL_CONVERSION = YES;
				CLANG_WARN_OBJC_ROOT_CLASS = YES_ERROR;
				CLANG_WARN_QUOTED_INCLUDE_IN_FRAMEWORK_HEADER = YES;
				CLANG_WARN_RANGE_LOOP_ANALYSIS = YES;
				CLANG_WARN_STRICT_PROTOTYPES = YES;
				CLANG_WARN_SUSPICIOUS_MOVE = YES;
				CLANG_WARN_UNGUARDED_AVAILABILITY = YES_AGGRESSIVE;
				CLANG_WARN_UNREACHABLE_CODE = YES;
				CLANG_WARN__DUPLICATE_METHOD_MATCH = YES;
				COPY_PHASE_STRIP = NO;
				DEBUG_INFORMATION_FORMAT = "dwarf-with-dsym";
				ENABLE_NS_ASSERTIONS = NO;
				ENABLE_STRICT_OBJC_MSGSEND = YES;
				GCC_C_LANGUAGE_STANDARD = gnu11;
				GCC_NO_COMMON_BLOCKS = YES;
				GCC_WARN_64_TO_32_BIT_CONVERSION = YES;
				GCC_WARN_ABOUT_RETURN_TYPE = YES_ERROR;
				GCC_WARN_UNDECLARED_SELECTOR = YES;
				GCC_WARN_UNINITIALIZED_AUTOS = YES_AGGRESSIVE;
				GCC_WARN_UNUSED_FUNCTION = YES;
				GCC_WARN_UNUSED_VARIABLE = YES;
				IPHONEOS_DEPLOYMENT_TARGET = 14.3;
				MTL_ENABLE_DEBUG_INFO = NO;
				MTL_FAST_MATH = YES;
				SDKROOT = iphoneos;
				SWIFT_COMPILATION_MODE = wholemodule;
				SWIFT_OPTIMIZATION_LEVEL = "-O";
				VALIDATE_PRODUCT = YES;
			};
			name = Release;
		};
		D2C2360C25C727C00040D557 /* Debug */ = {
			isa = XCBuildConfiguration;
			buildSettings = {
				ASSETCATALOG_COMPILER_APPICON_NAME = AppIcon;
				ASSETCATALOG_COMPILER_GLOBAL_ACCENT_COLOR_NAME = AccentColor;
				CODE_SIGN_STYLE = Automatic;
				DEVELOPMENT_TEAM = SFA36S7GD9;
				INFOPLIST_FILE = NewsApp/Info.plist;
				LD_RUNPATH_SEARCH_PATHS = (
					"$(inherited)",
					"@executable_path/Frameworks",
				);
				PRODUCT_BUNDLE_IDENTIFIER = com.pavithramh.NewsApp;
				PRODUCT_NAME = "$(TARGET_NAME)";
				SWIFT_VERSION = 5.0;
				TARGETED_DEVICE_FAMILY = "1,2";
			};
			name = Debug;
		};
		D2C2360D25C727C00040D557 /* Release */ = {
			isa = XCBuildConfiguration;
			buildSettings = {
				ASSETCATALOG_COMPILER_APPICON_NAME = AppIcon;
				ASSETCATALOG_COMPILER_GLOBAL_ACCENT_COLOR_NAME = AccentColor;
				CODE_SIGN_STYLE = Automatic;
				DEVELOPMENT_TEAM = SFA36S7GD9;
				INFOPLIST_FILE = NewsApp/Info.plist;
				LD_RUNPATH_SEARCH_PATHS = (
					"$(inherited)",
					"@executable_path/Frameworks",
				);
				PRODUCT_BUNDLE_IDENTIFIER = com.pavithramh.NewsApp;
				PRODUCT_NAME = "$(TARGET_NAME)";
				SWIFT_VERSION = 5.0;
				TARGETED_DEVICE_FAMILY = "1,2";
			};
			name = Release;
		};
		D2C2360F25C727C00040D557 /* Debug */ = {
			isa = XCBuildConfiguration;
			buildSettings = {
				ALWAYS_EMBED_SWIFT_STANDARD_LIBRARIES = YES;
				BUNDLE_LOADER = "$(TEST_HOST)";
				CODE_SIGN_STYLE = Automatic;
				DEVELOPMENT_TEAM = SFA36S7GD9;
				INFOPLIST_FILE = NewsAppTests/Info.plist;
				IPHONEOS_DEPLOYMENT_TARGET = 14.3;
				LD_RUNPATH_SEARCH_PATHS = (
					"$(inherited)",
					"@executable_path/Frameworks",
					"@loader_path/Frameworks",
				);
				PRODUCT_BUNDLE_IDENTIFIER = com.pavithramh.NewsAppTests;
				PRODUCT_NAME = "$(TARGET_NAME)";
				SWIFT_VERSION = 5.0;
				TARGETED_DEVICE_FAMILY = "1,2";
				TEST_HOST = "$(BUILT_PRODUCTS_DIR)/NewsApp.app/NewsApp";
			};
			name = Debug;
		};
		D2C2361025C727C00040D557 /* Release */ = {
			isa = XCBuildConfiguration;
			buildSettings = {
				ALWAYS_EMBED_SWIFT_STANDARD_LIBRARIES = YES;
				BUNDLE_LOADER = "$(TEST_HOST)";
				CODE_SIGN_STYLE = Automatic;
				DEVELOPMENT_TEAM = SFA36S7GD9;
				INFOPLIST_FILE = NewsAppTests/Info.plist;
				IPHONEOS_DEPLOYMENT_TARGET = 14.3;
				LD_RUNPATH_SEARCH_PATHS = (
					"$(inherited)",
					"@executable_path/Frameworks",
					"@loader_path/Frameworks",
				);
				PRODUCT_BUNDLE_IDENTIFIER = com.pavithramh.NewsAppTests;
				PRODUCT_NAME = "$(TARGET_NAME)";
				SWIFT_VERSION = 5.0;
				TARGETED_DEVICE_FAMILY = "1,2";
				TEST_HOST = "$(BUILT_PRODUCTS_DIR)/NewsApp.app/NewsApp";
			};
			name = Release;
		};
		D2C2361225C727C00040D557 /* Debug */ = {
			isa = XCBuildConfiguration;
			buildSettings = {
				ALWAYS_EMBED_SWIFT_STANDARD_LIBRARIES = YES;
				CODE_SIGN_STYLE = Automatic;
				DEVELOPMENT_TEAM = SFA36S7GD9;
				INFOPLIST_FILE = NewsAppUITests/Info.plist;
				LD_RUNPATH_SEARCH_PATHS = (
					"$(inherited)",
					"@executable_path/Frameworks",
					"@loader_path/Frameworks",
				);
				PRODUCT_BUNDLE_IDENTIFIER = com.pavithramh.NewsAppUITests;
				PRODUCT_NAME = "$(TARGET_NAME)";
				SWIFT_VERSION = 5.0;
				TARGETED_DEVICE_FAMILY = "1,2";
				TEST_TARGET_NAME = NewsApp;
			};
			name = Debug;
		};
		D2C2361325C727C00040D557 /* Release */ = {
			isa = XCBuildConfiguration;
			buildSettings = {
				ALWAYS_EMBED_SWIFT_STANDARD_LIBRARIES = YES;
				CODE_SIGN_STYLE = Automatic;
				DEVELOPMENT_TEAM = SFA36S7GD9;
				INFOPLIST_FILE = NewsAppUITests/Info.plist;
				LD_RUNPATH_SEARCH_PATHS = (
					"$(inherited)",
					"@executable_path/Frameworks",
					"@loader_path/Frameworks",
				);
				PRODUCT_BUNDLE_IDENTIFIER = com.pavithramh.NewsAppUITests;
				PRODUCT_NAME = "$(TARGET_NAME)";
				SWIFT_VERSION = 5.0;
				TARGETED_DEVICE_FAMILY = "1,2";
				TEST_TARGET_NAME = NewsApp;
			};
			name = Release;
		};
/* End XCBuildConfiguration section */

/* Begin XCConfigurationList section */
		D2C235D925C727B70040D557 /* Build configuration list for PBXProject "NewsApp" */ = {
			isa = XCConfigurationList;
			buildConfigurations = (
				D2C2360925C727C00040D557 /* Debug */,
				D2C2360A25C727C00040D557 /* Release */,
			);
			defaultConfigurationIsVisible = 0;
			defaultConfigurationName = Release;
		};
		D2C2360B25C727C00040D557 /* Build configuration list for PBXNativeTarget "NewsApp" */ = {
			isa = XCConfigurationList;
			buildConfigurations = (
				D2C2360C25C727C00040D557 /* Debug */,
				D2C2360D25C727C00040D557 /* Release */,
			);
			defaultConfigurationIsVisible = 0;
			defaultConfigurationName = Release;
		};
		D2C2360E25C727C00040D557 /* Build configuration list for PBXNativeTarget "NewsAppTests" */ = {
			isa = XCConfigurationList;
			buildConfigurations = (
				D2C2360F25C727C00040D557 /* Debug */,
				D2C2361025C727C00040D557 /* Release */,
			);
			defaultConfigurationIsVisible = 0;
			defaultConfigurationName = Release;
		};
		D2C2361125C727C00040D557 /* Build configuration list for PBXNativeTarget "NewsAppUITests" */ = {
			isa = XCConfigurationList;
			buildConfigurations = (
				D2C2361225C727C00040D557 /* Debug */,
				D2C2361325C727C00040D557 /* Release */,
			);
			defaultConfigurationIsVisible = 0;
			defaultConfigurationName = Release;
		};
/* End XCConfigurationList section */

/* Begin XCVersionGroup section */
		D2C235EA25C727B90040D557 /* NewsApp.xcdatamodeld */ = {
			isa = XCVersionGroup;
			children = (
				D2C235EB25C727B90040D557 /* NewsApp.xcdatamodel */,
			);
			currentVersion = D2C235EB25C727B90040D557 /* NewsApp.xcdatamodel */;
			path = NewsApp.xcdatamodeld;
			sourceTree = "<group>";
			versionGroupType = wrapper.xcdatamodel;
		};
/* End XCVersionGroup section */
	};
	rootObject = D2C235D625C727B70040D557 /* Project object */;
}
